
Microsoft Visual Studio Solution File, Format Version 12.00
# Visual Studio Version 17
VisualStudioVersion = 17.2.32630.192
MinimumVisualStudioVersion = 10.0.40219.1
Project("{8BC9CEB8-8B4A-11D0-8D11-00A0C91BC942}") = "cco20p1", "cco20p1.vcxproj", "{C5640DE1-2BE3-443B-B361-4F487C026BA3}"
EndProject
Global
	GlobalSection(SolutionConfigurationPlatforms) = preSolution
		Debug|x64 = Debug|x64
		Debug|x86 = Debug|x86
		Release|x64 = Release|x64
		Release|x86 = Release|x86
	EndGlobalSection
	GlobalSection(ProjectConfigurationPlatforms) = postSolution
		{C5640DE1-2BE3-443B-B361-4F487C026BA3}.Debug|x64.ActiveCfg = Debug|x64
		{C5640DE1-2BE3-443B-B361-4F487C026BA3}.Debug|x64.Build.0 = Debug|x64
		{C5640DE1-2BE3-443B-B361-4F487C026BA3}.Debug|x86.ActiveCfg = Debug|Win32
		{C5640DE1-2BE3-443B-B361-4F487C026BA3}.Debug|x86.Build.0 = Debug|Win32
		{C5640DE1-2BE3-443B-B361-4F487C026BA3}.Release|x64.ActiveCfg = Release|x64
		{C5640DE1-2BE3-443B-B361-4F487C026BA3}.Release|x64.Build.0 = Release|x64
		{C5640DE1-2BE3-443B-B361-4F487C026BA3}.Release|x86.ActiveCfg = Release|Win32
		{C5640DE1-2BE3-443B-B361-4F487C026BA3}.Release|x86.Build.0 = Release|Win32
	EndGlobalSection
	GlobalSection(SolutionProperties) = preSolution
		HideSolutionNode = FALSE
	EndGlobalSection
	GlobalSection(ExtensibilityGlobals) = postSolution
		SolutionGuid = {0E0141DA-ACA5-4B69-8570-7424C4E9B970}
	EndGlobalSection
EndGlobal
