
Microsoft Visual Studio Solution File, Format Version 12.00
# Visual Studio Version 17
VisualStudioVersion = 17.2.32526.322
MinimumVisualStudioVersion = 10.0.40219.1
Project("{8BC9CEB8-8B4A-11D0-8D11-00A0C91BC942}") = "acmtryouts0a", "acmtryouts0a.vcxproj", "{7D01D2A0-A2E7-493B-BA61-35DBF9AE173B}"
EndProject
Global
	GlobalSection(SolutionConfigurationPlatforms) = preSolution
		Debug|x64 = Debug|x64
		Debug|x86 = Debug|x86
		Release|x64 = Release|x64
		Release|x86 = Release|x86
	EndGlobalSection
	GlobalSection(ProjectConfigurationPlatforms) = postSolution
		{7D01D2A0-A2E7-493B-BA61-35DBF9AE173B}.Debug|x64.ActiveCfg = Debug|x64
		{7D01D2A0-A2E7-493B-BA61-35DBF9AE173B}.Debug|x64.Build.0 = Debug|x64
		{7D01D2A0-A2E7-493B-BA61-35DBF9AE173B}.Debug|x86.ActiveCfg = Debug|Win32
		{7D01D2A0-A2E7-493B-BA61-35DBF9AE173B}.Debug|x86.Build.0 = Debug|Win32
		{7D01D2A0-A2E7-493B-BA61-35DBF9AE173B}.Release|x64.ActiveCfg = Release|x64
		{7D01D2A0-A2E7-493B-BA61-35DBF9AE173B}.Release|x64.Build.0 = Release|x64
		{7D01D2A0-A2E7-493B-BA61-35DBF9AE173B}.Release|x86.ActiveCfg = Release|Win32
		{7D01D2A0-A2E7-493B-BA61-35DBF9AE173B}.Release|x86.Build.0 = Release|Win32
	EndGlobalSection
	GlobalSection(SolutionProperties) = preSolution
		HideSolutionNode = FALSE
	EndGlobalSection
	GlobalSection(ExtensibilityGlobals) = postSolution
		SolutionGuid = {D3399A1B-07FE-4EF8-8808-BFFF6E6E39E4}
	EndGlobalSection
EndGlobal
